
Microsoft Visual Studio Solution File, Format Version 12.00
# Visual Studio 15
VisualStudioVersion = 15.0.28307.438
MinimumVisualStudioVersion = 10.0.40219.1
Project("{FAE04EC0-301F-11D3-BF4B-00C04F79EFBC}") = "APIClient", "APIClient\APIClient.csproj", "{07D0018B-7295-4B9D-8AE4-B95B985F36C5}"
EndProject
Global
	GlobalSection(SolutionConfigurationPlatforms) = preSolution
		Debug|Any CPU = Debug|Any CPU
		Release|Any CPU = Release|Any CPU
	EndGlobalSection
	GlobalSection(ProjectConfigurationPlatforms) = postSolution
		{07D0018B-7295-4B9D-8AE4-B95B985F36C5}.Debug|Any CPU.ActiveCfg = Debug|Any CPU
		{07D0018B-7295-4B9D-8AE4-B95B985F36C5}.Debug|Any CPU.Build.0 = Debug|Any CPU
		{07D0018B-7295-4B9D-8AE4-B95B985F36C5}.Release|Any CPU.ActiveCfg = Release|Any CPU
		{07D0018B-7295-4B9D-8AE4-B95B985F36C5}.Release|Any CPU.Build.0 = Release|Any CPU
	EndGlobalSection
	GlobalSection(SolutionProperties) = preSolution
		HideSolutionNode = FALSE
	EndGlobalSection
	GlobalSection(ExtensibilityGlobals) = postSolution
		SolutionGuid = {1FA97E98-950E-4B61-AF53-1EEED6044F03}
	EndGlobalSection
EndGlobal
